// !$*UTF8*$!
{
	archiveVersion = 1;
	classes = {
	};
	objectVersion = 50;
	objects = {

/* Begin PBXBuildFile section */
		6C4CF4C2241EA1C60043ADB2 /* PasteboardPoller.m in Sources */ = {isa = PBXBuildFile; fileRef = 6C4CF4C1241EA1C60043ADB2 /* PasteboardPoller.m */; };
		6C6628C6240C89DE00230AC9 /* HotKeyManager.m in Sources */ = {isa = PBXBuildFile; fileRef = 6C6628C5240C89DE00230AC9 /* HotKeyManager.m */; };
		6C6628CC240CA86C00230AC9 /* ClipboardPanel.m in Sources */ = {isa = PBXBuildFile; fileRef = 6C6628CB240CA86C00230AC9 /* ClipboardPanel.m */; };
		6C6628D4240CB7F500230AC9 /* TableViewController.m in Sources */ = {isa = PBXBuildFile; fileRef = 6C6628D3240CB7F500230AC9 /* TableViewController.m */; };
		6C6628D7240D9E1400230AC9 /* TableView.m in Sources */ = {isa = PBXBuildFile; fileRef = 6C6628D6240D9E1400230AC9 /* TableView.m */; };
		6CCA284D240C534D006D9C58 /* AppDelegate.m in Sources */ = {isa = PBXBuildFile; fileRef = 6CCA284C240C534D006D9C58 /* AppDelegate.m */; };
		6CCA284F240C534E006D9C58 /* Assets.xcassets in Resources */ = {isa = PBXBuildFile; fileRef = 6CCA284E240C534E006D9C58 /* Assets.xcassets */; };
		6CCA2852240C534E006D9C58 /* MainMenu.xib in Resources */ = {isa = PBXBuildFile; fileRef = 6CCA2850240C534E006D9C58 /* MainMenu.xib */; };
		6CCA2855240C534E006D9C58 /* main.m in Sources */ = {isa = PBXBuildFile; fileRef = 6CCA2854240C534E006D9C58 /* main.m */; };
		6CCA285E240C569C006D9C58 /* Carbon.framework in Frameworks */ = {isa = PBXBuildFile; fileRef = 6CCA285D240C569C006D9C58 /* Carbon.framework */; };
/* End PBXBuildFile section */

/* Begin PBXFileReference section */
		6C4CF4C0241EA1C60043ADB2 /* PasteboardPoller.h */ = {isa = PBXFileReference; lastKnownFileType = sourcecode.c.h; path = PasteboardPoller.h; sourceTree = "<group>"; };
		6C4CF4C1241EA1C60043ADB2 /* PasteboardPoller.m */ = {isa = PBXFileReference; lastKnownFileType = sourcecode.c.objc; path = PasteboardPoller.m; sourceTree = "<group>"; };
		6C6628C4240C89DE00230AC9 /* HotKeyManager.h */ = {isa = PBXFileReference; lastKnownFileType = sourcecode.c.h; path = HotKeyManager.h; sourceTree = "<group>"; };
		6C6628C5240C89DE00230AC9 /* HotKeyManager.m */ = {isa = PBXFileReference; lastKnownFileType = sourcecode.c.objc; path = HotKeyManager.m; sourceTree = "<group>"; };
		6C6628CA240CA86C00230AC9 /* ClipboardPanel.h */ = {isa = PBXFileReference; lastKnownFileType = sourcecode.c.h; path = ClipboardPanel.h; sourceTree = "<group>"; };
		6C6628CB240CA86C00230AC9 /* ClipboardPanel.m */ = {isa = PBXFileReference; lastKnownFileType = sourcecode.c.objc; path = ClipboardPanel.m; sourceTree = "<group>"; };
		6C6628D2240CB7F500230AC9 /* TableViewController.h */ = {isa = PBXFileReference; lastKnownFileType = sourcecode.c.h; path = TableViewController.h; sourceTree = "<group>"; };
		6C6628D3240CB7F500230AC9 /* TableViewController.m */ = {isa = PBXFileReference; lastKnownFileType = sourcecode.c.objc; path = TableViewController.m; sourceTree = "<group>"; };
		6C6628D5240D9E1400230AC9 /* TableView.h */ = {isa = PBXFileReference; lastKnownFileType = sourcecode.c.h; path = TableView.h; sourceTree = "<group>"; };
		6C6628D6240D9E1400230AC9 /* TableView.m */ = {isa = PBXFileReference; lastKnownFileType = sourcecode.c.objc; path = TableView.m; sourceTree = "<group>"; };
		6CCA2848240C534D006D9C58 /* Clipboard.app */ = {isa = PBXFileReference; explicitFileType = wrapper.application; includeInIndex = 0; path = Clipboard.app; sourceTree = BUILT_PRODUCTS_DIR; };
		6CCA284B240C534D006D9C58 /* AppDelegate.h */ = {isa = PBXFileReference; lastKnownFileType = sourcecode.c.h; path = AppDelegate.h; sourceTree = "<group>"; };
		6CCA284C240C534D006D9C58 /* AppDelegate.m */ = {isa = PBXFileReference; lastKnownFileType = sourcecode.c.objc; path = AppDelegate.m; sourceTree = "<group>"; };
		6CCA284E240C534E006D9C58 /* Assets.xcassets */ = {isa = PBXFileReference; lastKnownFileType = folder.assetcatalog; path = Assets.xcassets; sourceTree = "<group>"; };
		6CCA2851240C534E006D9C58 /* Base */ = {isa = PBXFileReference; lastKnownFileType = file.xib; name = Base; path = Base.lproj/MainMenu.xib; sourceTree = "<group>"; };
		6CCA2853240C534E006D9C58 /* Info.plist */ = {isa = PBXFileReference; lastKnownFileType = text.plist.xml; path = Info.plist; sourceTree = "<group>"; };
		6CCA2854240C534E006D9C58 /* main.m */ = {isa = PBXFileReference; lastKnownFileType = sourcecode.c.objc; path = main.m; sourceTree = "<group>"; };
		6CCA2856240C534E006D9C58 /* Clipboard.entitlements */ = {isa = PBXFileReference; lastKnownFileType = text.plist.entitlements; path = Clipboard.entitlements; sourceTree = "<group>"; };
		6CCA285D240C569C006D9C58 /* Carbon.framework */ = {isa = PBXFileReference; lastKnownFileType = wrapper.framework; name = Carbon.framework; path = System/Library/Frameworks/Carbon.framework; sourceTree = SDKROOT; };
/* End PBXFileReference section */

/* Begin PBXFrameworksBuildPhase section */
		6CCA2845240C534D006D9C58 /* Frameworks */ = {
			isa = PBXFrameworksBuildPhase;
			buildActionMask = 2147483647;
			files = (
				6CCA285E240C569C006D9C58 /* Carbon.framework in Frameworks */,
			);
			runOnlyForDeploymentPostprocessing = 0;
		};
/* End PBXFrameworksBuildPhase section */

/* Begin PBXGroup section */
		6CCA283F240C534D006D9C58 = {
			isa = PBXGroup;
			children = (
				6CCA284A240C534D006D9C58 /* Clipboard */,
				6CCA2849240C534D006D9C58 /* Products */,
				6CCA285C240C569C006D9C58 /* Frameworks */,
			);
			sourceTree = "<group>";
		};
		6CCA2849240C534D006D9C58 /* Products */ = {
			isa = PBXGroup;
			children = (
				6CCA2848240C534D006D9C58 /* Clipboard.app */,
			);
			name = Products;
			sourceTree = "<group>";
		};
		6CCA284A240C534D006D9C58 /* Clipboard */ = {
			isa = PBXGroup;
			children = (
				6CCA284B240C534D006D9C58 /* AppDelegate.h */,
				6CCA284C240C534D006D9C58 /* AppDelegate.m */,
				6C6628CA240CA86C00230AC9 /* ClipboardPanel.h */,
				6C6628CB240CA86C00230AC9 /* ClipboardPanel.m */,
				6C6628C4240C89DE00230AC9 /* HotKeyManager.h */,
				6C6628C5240C89DE00230AC9 /* HotKeyManager.m */,
				6C4CF4C0241EA1C60043ADB2 /* PasteboardPoller.h */,
				6C4CF4C1241EA1C60043ADB2 /* PasteboardPoller.m */,
				6C6628D5240D9E1400230AC9 /* TableView.h */,
				6C6628D6240D9E1400230AC9 /* TableView.m */,
				6C6628D2240CB7F500230AC9 /* TableViewController.h */,
				6C6628D3240CB7F500230AC9 /* TableViewController.m */,
				6CCA2854240C534E006D9C58 /* main.m */,
				6CCA2850240C534E006D9C58 /* MainMenu.xib */,
				6CCA2853240C534E006D9C58 /* Info.plist */,
				6CCA2856240C534E006D9C58 /* Clipboard.entitlements */,
				6CCA284E240C534E006D9C58 /* Assets.xcassets */,
			);
			path = Clipboard;
			sourceTree = "<group>";
		};
		6CCA285C240C569C006D9C58 /* Frameworks */ = {
			isa = PBXGroup;
			children = (
				6CCA285D240C569C006D9C58 /* Carbon.framework */,
			);
			name = Frameworks;
			sourceTree = "<group>";
		};
/* End PBXGroup section */

/* Begin PBXNativeTarget section */
		6CCA2847240C534D006D9C58 /* Clipboard */ = {
			isa = PBXNativeTarget;
			buildConfigurationList = 6CCA2859240C534E006D9C58 /* Build configuration list for PBXNativeTarget "Clipboard" */;
			buildPhases = (
				6CCA2844240C534D006D9C58 /* Sources */,
				6CCA2845240C534D006D9C58 /* Frameworks */,
				6CCA2846240C534D006D9C58 /* Resources */,
			);
			buildRules = (
			);
			dependencies = (
			);
			name = Clipboard;
			productName = Clipboard;
			productReference = 6CCA2848240C534D006D9C58 /* Clipboard.app */;
			productType = "com.apple.product-type.application";
		};
/* End PBXNativeTarget section */

/* Begin PBXProject section */
		6CCA2840240C534D006D9C58 /* Project object */ = {
			isa = PBXProject;
			attributes = {
				LastUpgradeCheck = 1000;
				ORGANIZATIONNAME = "Nir Rattner";
				TargetAttributes = {
					6CCA2847240C534D006D9C58 = {
						CreatedOnToolsVersion = 10.0;
					};
				};
			};
			buildConfigurationList = 6CCA2843240C534D006D9C58 /* Build configuration list for PBXProject "Clipboard" */;
			compatibilityVersion = "Xcode 9.3";
			developmentRegion = en;
			hasScannedForEncodings = 0;
			knownRegions = (
				en,
				Base,
			);
			mainGroup = 6CCA283F240C534D006D9C58;
			productRefGroup = 6CCA2849240C534D006D9C58 /* Products */;
			projectDirPath = "";
			projectRoot = "";
			targets = (
				6CCA2847240C534D006D9C58 /* Clipboard */,
			);
		};
/* End PBXProject section */

/* Begin PBXResourcesBuildPhase section */
		6CCA2846240C534D006D9C58 /* Resources */ = {
			isa = PBXResourcesBuildPhase;
			buildActionMask = 2147483647;
			files = (
				6CCA284F240C534E006D9C58 /* Assets.xcassets in Resources */,
				6CCA2852240C534E006D9C58 /* MainMenu.xib in Resources */,
			);
			runOnlyForDeploymentPostprocessing = 0;
		};
/* End PBXResourcesBuildPhase section */

/* Begin PBXSourcesBuildPhase section */
		6CCA2844240C534D006D9C58 /* Sources */ = {
			isa = PBXSourcesBuildPhase;
			buildActionMask = 2147483647;
			files = (
				6CCA2855240C534E006D9C58 /* main.m in Sources */,
				6C6628D4240CB7F500230AC9 /* TableViewController.m in Sources */,
				6C6628C6240C89DE00230AC9 /* HotKeyManager.m in Sources */,
				6C6628D7240D9E1400230AC9 /* TableView.m in Sources */,
				6CCA284D240C534D006D9C58 /* AppDelegate.m in Sources */,
				6C6628CC240CA86C00230AC9 /* ClipboardPanel.m in Sources */,
				6C4CF4C2241EA1C60043ADB2 /* PasteboardPoller.m in Sources */,
			);
			runOnlyForDeploymentPostprocessing = 0;
		};
/* End PBXSourcesBuildPhase section */

/* Begin PBXVariantGroup section */
		6CCA2850240C534E006D9C58 /* MainMenu.xib */ = {
			isa = PBXVariantGroup;
			children = (
				6CCA2851240C534E006D9C58 /* Base */,
			);
			name = MainMenu.xib;
			sourceTree = "<group>";
		};
/* End PBXVariantGroup section */

/* Begin XCBuildConfiguration section */
		6CCA2857240C534E006D9C58 /* Debug */ = {
			isa = XCBuildConfiguration;
			buildSettings = {
				ALWAYS_SEARCH_USER_PATHS = NO;
				CLANG_ANALYZER_NONNULL = YES;
				CLANG_ANALYZER_NUMBER_OBJECT_CONVERSION = YES_AGGRESSIVE;
				CLANG_CXX_LANGUAGE_STANDARD = "gnu++14";
				CLANG_CXX_LIBRARY = "libc++";
				CLANG_ENABLE_MODULES = YES;
				CLANG_ENABLE_OBJC_ARC = YES;
				CLANG_ENABLE_OBJC_WEAK = YES;
				CLANG_WARN_BLOCK_CAPTURE_AUTORELEASING = YES;
				CLANG_WARN_BOOL_CONVERSION = YES;
				CLANG_WARN_COMMA = YES;
				CLANG_WARN_CONSTANT_CONVERSION = YES;
				CLANG_WARN_DEPRECATED_OBJC_IMPLEMENTATIONS = YES;
				CLANG_WARN_DIRECT_OBJC_ISA_USAGE = YES_ERROR;
				CLANG_WARN_DOCUMENTATION_COMMENTS = YES;
				CLANG_WARN_EMPTY_BODY = YES;
				CLANG_WARN_ENUM_CONVERSION = YES;
				CLANG_WARN_INFINITE_RECURSION = YES;
				CLANG_WARN_INT_CONVERSION = YES;
				CLANG_WARN_NON_LITERAL_NULL_CONVERSION = YES;
				CLANG_WARN_OBJC_IMPLICIT_RETAIN_SELF = YES;
				CLANG_WARN_OBJC_LITERAL_CONVERSION = YES;
				CLANG_WARN_OBJC_ROOT_CLASS = YES_ERROR;
				CLANG_WARN_RANGE_LOOP_ANALYSIS = YES;
				CLANG_WARN_STRICT_PROTOTYPES = YES;
				CLANG_WARN_SUSPICIOUS_MOVE = YES;
				CLANG_WARN_UNGUARDED_AVAILABILITY = YES_AGGRESSIVE;
				CLANG_WARN_UNREACHABLE_CODE = YES;
				CLANG_WARN__DUPLICATE_METHOD_MATCH = YES;
				CODE_SIGN_IDENTITY = "-";
				COPY_PHASE_STRIP = NO;
				DEBUG_INFORMATION_FORMAT = dwarf;
				ENABLE_STRICT_OBJC_MSGSEND = YES;
				ENABLE_TESTABILITY = YES;
				GCC_C_LANGUAGE_STANDARD = gnu11;
				GCC_DYNAMIC_NO_PIC = NO;
				GCC_NO_COMMON_BLOCKS = YES;
				GCC_OPTIMIZATION_LEVEL = 0;
				GCC_PREPROCESSOR_DEFINITIONS = (
					"DEBUG=1",
					"$(inherited)",
				);
				GCC_WARN_64_TO_32_BIT_CONVERSION = YES;
				GCC_WARN_ABOUT_RETURN_TYPE = YES_ERROR;
				GCC_WARN_UNDECLARED_SELECTOR = YES;
				GCC_WARN_UNINITIALIZED_AUTOS = YES_AGGRESSIVE;
				GCC_WARN_UNUSED_FUNCTION = YES;
				GCC_WARN_UNUSED_VARIABLE = YES;
				MACOSX_DEPLOYMENT_TARGET = 10.14;
				MTL_ENABLE_DEBUG_INFO = INCLUDE_SOURCE;
				MTL_FAST_MATH = YES;
				ONLY_ACTIVE_ARCH = YES;
				SDKROOT = macosx;
			};
			name = Debug;
		};
		6CCA2858240C534E006D9C58 /* Release */ = {
			isa = XCBuildConfiguration;
			buildSettings = {
				ALWAYS_SEARCH_USER_PATHS = NO;
				CLANG_ANALYZER_NONNULL = YES;
				CLANG_ANALYZER_NUMBER_OBJECT_CONVERSION = YES_AGGRESSIVE;
				CLANG_CXX_LANGUAGE_STANDARD = "gnu++14";
				CLANG_CXX_LIBRARY = "libc++";
				CLANG_ENABLE_MODULES = YES;
				CLANG_ENABLE_OBJC_ARC = YES;
				CLANG_ENABLE_OBJC_WEAK = YES;
				CLANG_WARN_BLOCK_CAPTURE_AUTORELEASING = YES;
				CLANG_WARN_BOOL_CONVERSION = YES;
				CLANG_WARN_COMMA = YES;
				CLANG_WARN_CONSTANT_CONVERSION = YES;
				CLANG_WARN_DEPRECATED_OBJC_IMPLEMENTATIONS = YES;
				CLANG_WARN_DIRECT_OBJC_ISA_USAGE = YES_ERROR;
				CLANG_WARN_DOCUMENTATION_COMMENTS = YES;
				CLANG_WARN_EMPTY_BODY = YES;
				CLANG_WARN_ENUM_CONVERSION = YES;
				CLANG_WARN_INFINITE_RECURSION = YES;
				CLANG_WARN_INT_CONVERSION = YES;
				CLANG_WARN_NON_LITERAL_NULL_CONVERSION = YES;
				CLANG_WARN_OBJC_IMPLICIT_RETAIN_SELF = YES;
				CLANG_WARN_OBJC_LITERAL_CONVERSION = YES;
				CLANG_WARN_OBJC_ROOT_CLASS = YES_ERROR;
				CLANG_WARN_RANGE_LOOP_ANALYSIS = YES;
				CLANG_WARN_STRICT_PROTOTYPES = YES;
				CLANG_WARN_SUSPICIOUS_MOVE = YES;
				CLANG_WARN_UNGUARDED_AVAILABILITY = YES_AGGRESSIVE;
				CLANG_WARN_UNREACHABLE_CODE = YES;
				CLANG_WARN__DUPLICATE_METHOD_MATCH = YES;
				CODE_SIGN_IDENTITY = "-";
				COPY_PHASE_STRIP = NO;
				DEBUG_INFORMATION_FORMAT = "dwarf-with-dsym";
				ENABLE_NS_ASSERTIONS = NO;
				ENABLE_STRICT_OBJC_MSGSEND = YES;
				GCC_C_LANGUAGE_STANDARD = gnu11;
				GCC_NO_COMMON_BLOCKS = YES;
				GCC_WARN_64_TO_32_BIT_CONVERSION = YES;
				GCC_WARN_ABOUT_RETURN_TYPE = YES_ERROR;
				GCC_WARN_UNDECLARED_SELECTOR = YES;
				GCC_WARN_UNINITIALIZED_AUTOS = YES_AGGRESSIVE;
				GCC_WARN_UNUSED_FUNCTION = YES;
				GCC_WARN_UNUSED_VARIABLE = YES;
				MACOSX_DEPLOYMENT_TARGET = 10.14;
				MTL_ENABLE_DEBUG_INFO = NO;
				MTL_FAST_MATH = YES;
				SDKROOT = macosx;
			};
			name = Release;
		};
		6CCA285A240C534E006D9C58 /* Debug */ = {
			isa = XCBuildConfiguration;
			buildSettings = {
				ASSETCATALOG_COMPILER_APPICON_NAME = AppIcon;
				CODE_SIGN_ENTITLEMENTS = Clipboard/Clipboard.entitlements;
				CODE_SIGN_STYLE = Automatic;
				COMBINE_HIDPI_IMAGES = YES;
				INFOPLIST_FILE = Clipboard/Info.plist;
				LD_RUNPATH_SEARCH_PATHS = (
					"$(inherited)",
					"@executable_path/../Frameworks",
				);
				PRODUCT_BUNDLE_IDENTIFIER = com.nir.Clipboard;
				PRODUCT_NAME = "$(TARGET_NAME)";
			};
			name = Debug;
		};
		6CCA285B240C534E006D9C58 /* Release */ = {
			isa = XCBuildConfiguration;
			buildSettings = {
				ASSETCATALOG_COMPILER_APPICON_NAME = AppIcon;
				CODE_SIGN_ENTITLEMENTS = Clipboard/Clipboard.entitlements;
				CODE_SIGN_STYLE = Automatic;
				COMBINE_HIDPI_IMAGES = YES;
				INFOPLIST_FILE = Clipboard/Info.plist;
				LD_RUNPATH_SEARCH_PATHS = (
					"$(inherited)",
					"@executable_path/../Frameworks",
				);
				PRODUCT_BUNDLE_IDENTIFIER = com.nir.Clipboard;
				PRODUCT_NAME = "$(TARGET_NAME)";
			};
			name = Release;
		};
/* End XCBuildConfiguration section */

/* Begin XCConfigurationList section */
		6CCA2843240C534D006D9C58 /* Build configuration list for PBXProject "Clipboard" */ = {
			isa = XCConfigurationList;
			buildConfigurations = (
				6CCA2857240C534E006D9C58 /* Debug */,
				6CCA2858240C534E006D9C58 /* Release */,
			);
			defaultConfigurationIsVisible = 0;
			defaultConfigurationName = Release;
		};
		6CCA2859240C534E006D9C58 /* Build configuration list for PBXNativeTarget "Clipboard" */ = {
			isa = XCConfigurationList;
			buildConfigurations = (
				6CCA285A240C534E006D9C58 /* Debug */,
				6CCA285B240C534E006D9C58 /* Release */,
			);
			defaultConfigurationIsVisible = 0;
			defaultConfigurationName = Release;
		};
/* End XCConfigurationList section */
	};
	rootObject = 6CCA2840240C534D006D9C58 /* Project object */;
}
